# This file is automatically @generated by Cargo.
# It is not intended for manual editing.
[[package]]
name = "fst"
version = "0.4.4"
source = "registry+https://github.com/rust-lang/crates.io-index"
checksum = "a7293de202dbfe786c0b3fe6110a027836c5438ed06db7b715c9955ff4bfea51"

[[package]]
name = "fst-gaddag"
version = "0.1.0"
dependencies = [
 "fst",
]
